
Microsoft Visual Studio Solution File, Format Version 12.00
# Visual Studio Version 17
VisualStudioVersion = 17.4.33213.308
MinimumVisualStudioVersion = 10.0.40219.1
Project("{FAE04EC0-301F-11D3-BF4B-00C04F79EFBC}") = "D21-ovn-1", "D21-ovn-1.csproj", "{A43B82E9-0D40-41CD-A473-94487C3FA101}"
EndProject
Global
	GlobalSection(SolutionConfigurationPlatforms) = preSolution
		Debug|Any CPU = Debug|Any CPU
		Release|Any CPU = Release|Any CPU
	EndGlobalSection
	GlobalSection(ProjectConfigurationPlatforms) = postSolution
		{A43B82E9-0D40-41CD-A473-94487C3FA101}.Debug|Any CPU.ActiveCfg = Debug|Any CPU
		{A43B82E9-0D40-41CD-A473-94487C3FA101}.Debug|Any CPU.Build.0 = Debug|Any CPU
		{A43B82E9-0D40-41CD-A473-94487C3FA101}.Release|Any CPU.ActiveCfg = Release|Any CPU
		{A43B82E9-0D40-41CD-A473-94487C3FA101}.Release|Any CPU.Build.0 = Release|Any CPU
	EndGlobalSection
	GlobalSection(SolutionProperties) = preSolution
		HideSolutionNode = FALSE
	EndGlobalSection
	GlobalSection(ExtensibilityGlobals) = postSolution
		SolutionGuid = {20FD22BC-62DF-4683-A1A3-C07FFB17B746}
	EndGlobalSection
EndGlobal
